PODS:
  - Alamofire (4.8.2)
  - Differentiator (3.1.0)
  - IQKeyboardManagerSwift (6.4.0)
  - ReachabilitySwift (4.3.1)
  - RxAlamofire (4.4.1):
    - RxAlamofire/Core (= 4.4.1)
  - RxAlamofire/Core (4.4.1):
    - Alamofire (~> 4.8)
    - RxSwift (~> 4.5)
  - RxCocoa (4.5.0):
    - RxSwift (>= 4.4.2, ~> 4.4)
  - RxDataSources (3.1.0):
    - Differentiator (~> 3.0)
    - RxCocoa (~> 4.0)
    - RxSwift (~> 4.0)
  - RxStarscream (0.10):
    - RxCocoa (~> 4.3)
    - RxSwift (~> 4.3)
    - Starscream (~> 3)
  - RxSwift (4.5.0)
  - SkyFloatingLabelTextField (3.7.0)
  - Starscream (3.1.0)

DEPENDENCIES:
  - Alamofire
  - IQKeyboardManagerSwift
  - ReachabilitySwift
  - RxAlamofire
  - RxCocoa (~> 4.0)
  - RxDataSources (~> 3.0)
  - RxStarscream
  - RxSwift (~> 4.0)
  - SkyFloatingLabelTextField (~> 3.0)

SPEC REPOS:
  https://github.com/cocoapods/specs.git:
    - Alamofire
    - Differentiator
    - IQKeyboardManagerSwift
    - ReachabilitySwift
    - RxAlamofire
    - RxCocoa
    - RxDataSources
    - RxStarscream
    - RxSwift
    - SkyFloatingLabelTextField
    - Starscream

SPEC CHECKSUMS:
  Alamofire: ae5c501addb7afdbb13687d7f2f722c78734c2d3
  Differentiator: be49ca3408f0ecfc761e4c7763d20c62be01b9ad
  IQKeyboardManagerSwift: ed9b04ee0e3067ffba543283462d619f944b05e5
  ReachabilitySwift: 4032e2f59586e11e3b0ebe15b167abdd587a388b
  RxAlamofire: ed65f451f5a9a59419b0b9e705043dc01410edd9
  RxCocoa: cbf70265dc65a981d4ac982e513c10cf23df24a0
  RxDataSources: a843bad90c29817f5923ec8163f4af2de084ceb3
  RxStarscream: aa79e742c87e9bcdff218a1ebb59638f5174589e
  RxSwift: f172070dfd1a93d70a9ab97a5a01166206e1c575
  SkyFloatingLabelTextField: 4b46db0ab1ccde0919cded29c656e6b4805eda04
  Starscream: 08172b481e145289c4930cb567230fb55897cfa4

PODFILE CHECKSUM: 93fce2c5e4949a635236f872c0a4fc1acbd9a70c

COCOAPODS: 1.5.3
